
Microsoft Visual Studio Solution File, Format Version 12.00
# Visual Studio Version 17
VisualStudioVersion = 17.1.32421.90
MinimumVisualStudioVersion = 10.0.40219.1
Project("{9A19103F-16F7-4668-BE54-9A1E7A4F7556}") = "ETHTPS.API", "ETHTPS.API\ETHTPS.API.csproj", "{B0C857E2-7DCF-420A-B2A6-9E5FAB5BA12E}"
EndProject
Project("{9A19103F-16F7-4668-BE54-9A1E7A4F7556}") = "ETHTPS.Services", "ETHTPS.BackgroundServices\ETHTPS.Services.csproj", "{32D92193-BB0B-4FF9-A874-0E50688B45D3}"
EndProject
Project("{9A19103F-16F7-4668-BE54-9A1E7A4F7556}") = "ETHTPS.Data.Core", "ETHTPS.Data\ETHTPS.Data.Core.csproj", "{96B06C95-AAFC-4EBB-8694-12A4EC782FD4}"
EndProject
Project("{2150E333-8FDC-42A3-9474-1A3956D46DE8}") = "Solution Items", "Solution Items", "{6FC336E8-1CA6-4FFD-A769-9C4A9968A323}"
	ProjectSection(SolutionItems) = preProject
		.editorconfig = .editorconfig
		files\nlog.config = files\nlog.config
	EndProjectSection
EndProject
Project("{2150E333-8FDC-42A3-9474-1A3956D46DE8}") = "Services", "Services", "{9DDB3A6B-7733-4BAF-B4D1-AD629B8AA54D}"
EndProject
Project("{9A19103F-16F7-4668-BE54-9A1E7A4F7556}") = "ETHTPS.Services.Ethereum", "ETHTPS.Services.Ethereum\ETHTPS.Services.Ethereum.csproj", "{7C14D89C-FE35-4EAC-901A-9CB091F151E7}"
EndProject
Project("{9A19103F-16F7-4668-BE54-9A1E7A4F7556}") = "ETHTPS.API.Security.Core", "ETHTPS.Security\ETHTPS.API.Security.Core.csproj", "{68F7558F-56E5-457F-9283-F6099A4B51DD}"
EndProject
Project("{9A19103F-16F7-4668-BE54-9A1E7A4F7556}") = "ETHTPS.API.DependencyInjection", "ETHTPS.DependencyInjection\ETHTPS.API.DependencyInjection.csproj", "{16DDF7C7-FF5D-4338-ADAF-B9FC9E775C19}"
EndProject
Project("{9A19103F-16F7-4668-BE54-9A1E7A4F7556}") = "ETHTPS.API.Core", "ETHTPS.API.Core\ETHTPS.API.Core.csproj", "{71576E14-B159-4C10-9ADA-F166A88A7BDB}"
EndProject
Project("{2150E333-8FDC-42A3-9474-1A3956D46DE8}") = "Microservices", "Microservices", "{4E45CE08-429F-43A2-852D-AC2C983DDB31}"
EndProject
Project("{2150E333-8FDC-42A3-9474-1A3956D46DE8}") = "APIs", "APIs", "{377DC9D3-CDEC-4847-B6E8-32473F433B23}"
EndProject
Project("{2150E333-8FDC-42A3-9474-1A3956D46DE8}") = "Public", "Public", "{22B35305-947D-484D-BA2F-A29AB28B6E86}"
EndProject
Project("{2150E333-8FDC-42A3-9474-1A3956D46DE8}") = "Internal", "Internal", "{5899B9DD-6666-41CB-95E1-F044927B44F5}"
EndProject
Project("{2150E333-8FDC-42A3-9474-1A3956D46DE8}") = "Data", "Data", "{4C3E6A7D-3C59-444C-946B-1F8808BEE793}"
EndProject
Project("{9A19103F-16F7-4668-BE54-9A1E7A4F7556}") = "ETHTPS.Data.Integrations.MSSQL", "ETHTPS.Data.Database\ETHTPS.Data.Integrations.MSSQL.csproj", "{75BCBD91-F0A3-4F1A-B779-CD2D81A18E5F}"
EndProject
Project("{2150E333-8FDC-42A3-9474-1A3956D46DE8}") = "Clients", "Clients", "{AE7FE352-BD69-4CE8-8726-68394C08C8B4}"
EndProject
Project("{2150E333-8FDC-42A3-9474-1A3956D46DE8}") = "Internal", "Internal", "{301ED48A-8CEB-47FC-B3CB-CC071DBF2F15}"
EndProject
Project("{2150E333-8FDC-42A3-9474-1A3956D46DE8}") = "Public", "Public", "{203EA816-563C-45B7-93CD-619D48BBD129}"
EndProject
Project("{9A19103F-16F7-4668-BE54-9A1E7A4F7556}") = "ETHTPS.Configuration", "ETHTPS.Configuration\ETHTPS.Configuration.csproj", "{CE04AF86-4E86-4DB2-8010-A46F70A8267A}"
EndProject
Project("{9A19103F-16F7-4668-BE54-9A1E7A4F7556}") = "ETHTPS.TaskRunner", "ETHTPS.HangfireRunner\ETHTPS.TaskRunner.csproj", "{BAE3197C-B54C-4F3E-BEFE-B268DF2ECDB3}"
EndProject
Project("{9A19103F-16F7-4668-BE54-9A1E7A4F7556}") = "ETHTPS.Services.BackgroundTasks", "ETHTPS.Services.BackgroundTasks\ETHTPS.Services.BackgroundTasks.csproj", "{3AB3B23C-3F25-4AFF-9F44-9D7E0B03D286}"
EndProject
Project("{9A19103F-16F7-4668-BE54-9A1E7A4F7556}") = "ETHTPS.Data.Integrations.InfluxIntegration", "ETHTPS.Data.InfluxIntegration\ETHTPS.Data.Integrations.InfluxIntegration.csproj", "{43C298B1-1BF5-4384-A424-00F48A099947}"
EndProject
Project("{2150E333-8FDC-42A3-9474-1A3956D46DE8}") = "Integrations", "Integrations", "{6E068FD2-D1F6-4065-BF97-3B6F8C33864F}"
EndProject
Project("{2150E333-8FDC-42A3-9474-1A3956D46DE8}") = "Integrations", "Integrations", "{5107F5DA-DE1B-4DDA-9D30-02DBAD70036D}"
EndProject
Project("{9A19103F-16F7-4668-BE54-9A1E7A4F7556}") = "ETHTPS.API.Core.Integrations.MSSQL", "ETHTPS.API.Core.Integrations\ETHTPS.API.Core.Integrations.MSSQL.csproj", "{8F282306-BA3B-405F-B8B9-F7254B8E12C7}"
EndProject
Project("{9A19103F-16F7-4668-BE54-9A1E7A4F7556}") = "ETHTPS.API.BIL", "ETHTPS.BIL\ETHTPS.API.BIL.csproj", "{668564BC-83BE-4F2F-9D6F-D4BA7DEF78A1}"
EndProject
Project("{9A19103F-16F7-4668-BE54-9A1E7A4F7556}") = "ETHTPS.API.Core.Integrations.InfluxDBWrapper", "ETHTPS.API.Core.Integrations.InfluxDBWrapper\ETHTPS.API.Core.Integrations.InfluxDBWrapper.csproj", "{274BF313-05D3-4487-9BF8-07C412FD83C7}"
EndProject
Project("{2150E333-8FDC-42A3-9474-1A3956D46DE8}") = "Tests", "Tests", "{4478D85C-240E-4622-B390-06462EE5A687}"
EndProject
Project("{9A19103F-16F7-4668-BE54-9A1E7A4F7556}") = "ETHTPS.Tests", "ETHTPS.API.BIL.Tests\ETHTPS.Tests.csproj", "{6537D5C6-4544-4A89-A052-8D29B69000C7}"
EndProject
Project("{9A19103F-16F7-4668-BE54-9A1E7A4F7556}") = "ETHTPS.WSAPI", "ETHTPS.WSAPI\ETHTPS.WSAPI.csproj", "{FF33F6DA-C0D6-4790-A77C-867DAC721FC7}"
EndProject
Project("{9A19103F-16F7-4668-BE54-9A1E7A4F7556}") = "ConsoleTester", "ConsoleTester\ConsoleTester.csproj", "{9A4EC8B2-45F1-464B-8B9E-319AFC91CA8E}"
EndProject
Project("{9A19103F-16F7-4668-BE54-9A1E7A4F7556}") = "ETHTPS.Runner", "ETHTPS.Runner\ETHTPS.Runner.csproj", "{D6CAE998-1923-4E34-90FC-FDB5D44D2EC8}"
EndProject
Project("{FAE04EC0-301F-11D3-BF4B-00C04F79EFBC}") = "ETHTPS.API.Gateway", "ETHTPS.API.Gateway\ETHTPS.API.Gateway.csproj", "{CB5BBB0A-237D-412B-AAE3-1226A9F0F931}"
EndProject
Global
	GlobalSection(SolutionConfigurationPlatforms) = preSolution
		Debug|Any CPU = Debug|Any CPU
		Debug|x64 = Debug|x64
		Release|Any CPU = Release|Any CPU
		Release|x64 = Release|x64
		Staging|Any CPU = Staging|Any CPU
		Staging|x64 = Staging|x64
	EndGlobalSection
	GlobalSection(ProjectConfigurationPlatforms) = postSolution
		{B0C857E2-7DCF-420A-B2A6-9E5FAB5BA12E}.Debug|Any CPU.ActiveCfg = Debug|Any CPU
		{B0C857E2-7DCF-420A-B2A6-9E5FAB5BA12E}.Debug|Any CPU.Build.0 = Debug|Any CPU
		{B0C857E2-7DCF-420A-B2A6-9E5FAB5BA12E}.Debug|x64.ActiveCfg = Debug|x64
		{B0C857E2-7DCF-420A-B2A6-9E5FAB5BA12E}.Debug|x64.Build.0 = Debug|x64
		{B0C857E2-7DCF-420A-B2A6-9E5FAB5BA12E}.Release|Any CPU.ActiveCfg = Release|Any CPU
		{B0C857E2-7DCF-420A-B2A6-9E5FAB5BA12E}.Release|Any CPU.Build.0 = Release|Any CPU
		{B0C857E2-7DCF-420A-B2A6-9E5FAB5BA12E}.Release|x64.ActiveCfg = Release|x64
		{B0C857E2-7DCF-420A-B2A6-9E5FAB5BA12E}.Release|x64.Build.0 = Release|x64
		{B0C857E2-7DCF-420A-B2A6-9E5FAB5BA12E}.Staging|Any CPU.ActiveCfg = Staging|Any CPU
		{B0C857E2-7DCF-420A-B2A6-9E5FAB5BA12E}.Staging|Any CPU.Build.0 = Staging|Any CPU
		{B0C857E2-7DCF-420A-B2A6-9E5FAB5BA12E}.Staging|x64.ActiveCfg = Staging|x64
		{B0C857E2-7DCF-420A-B2A6-9E5FAB5BA12E}.Staging|x64.Build.0 = Staging|x64
		{32D92193-BB0B-4FF9-A874-0E50688B45D3}.Debug|Any CPU.ActiveCfg = Debug|Any CPU
		{32D92193-BB0B-4FF9-A874-0E50688B45D3}.Debug|Any CPU.Build.0 = Debug|Any CPU
		{32D92193-BB0B-4FF9-A874-0E50688B45D3}.Debug|x64.ActiveCfg = Debug|x64
		{32D92193-BB0B-4FF9-A874-0E50688B45D3}.Debug|x64.Build.0 = Debug|x64
		{32D92193-BB0B-4FF9-A874-0E50688B45D3}.Release|Any CPU.ActiveCfg = Release|Any CPU
		{32D92193-BB0B-4FF9-A874-0E50688B45D3}.Release|Any CPU.Build.0 = Release|Any CPU
		{32D92193-BB0B-4FF9-A874-0E50688B45D3}.Release|x64.ActiveCfg = Release|x64
		{32D92193-BB0B-4FF9-A874-0E50688B45D3}.Release|x64.Build.0 = Release|x64
		{32D92193-BB0B-4FF9-A874-0E50688B45D3}.Staging|Any CPU.ActiveCfg = Staging|Any CPU
		{32D92193-BB0B-4FF9-A874-0E50688B45D3}.Staging|Any CPU.Build.0 = Staging|Any CPU
		{32D92193-BB0B-4FF9-A874-0E50688B45D3}.Staging|x64.ActiveCfg = Staging|x64
		{32D92193-BB0B-4FF9-A874-0E50688B45D3}.Staging|x64.Build.0 = Staging|x64
		{96B06C95-AAFC-4EBB-8694-12A4EC782FD4}.Debug|Any CPU.ActiveCfg = Debug|Any CPU
		{96B06C95-AAFC-4EBB-8694-12A4EC782FD4}.Debug|Any CPU.Build.0 = Debug|Any CPU
		{96B06C95-AAFC-4EBB-8694-12A4EC782FD4}.Debug|x64.ActiveCfg = Debug|x64
		{96B06C95-AAFC-4EBB-8694-12A4EC782FD4}.Debug|x64.Build.0 = Debug|x64
		{96B06C95-AAFC-4EBB-8694-12A4EC782FD4}.Release|Any CPU.ActiveCfg = Release|Any CPU
		{96B06C95-AAFC-4EBB-8694-12A4EC782FD4}.Release|Any CPU.Build.0 = Release|Any CPU
		{96B06C95-AAFC-4EBB-8694-12A4EC782FD4}.Release|x64.ActiveCfg = Release|x64
		{96B06C95-AAFC-4EBB-8694-12A4EC782FD4}.Release|x64.Build.0 = Release|x64
		{96B06C95-AAFC-4EBB-8694-12A4EC782FD4}.Staging|Any CPU.ActiveCfg = Staging|Any CPU
		{96B06C95-AAFC-4EBB-8694-12A4EC782FD4}.Staging|Any CPU.Build.0 = Staging|Any CPU
		{96B06C95-AAFC-4EBB-8694-12A4EC782FD4}.Staging|x64.ActiveCfg = Staging|x64
		{96B06C95-AAFC-4EBB-8694-12A4EC782FD4}.Staging|x64.Build.0 = Staging|x64
		{7C14D89C-FE35-4EAC-901A-9CB091F151E7}.Debug|Any CPU.ActiveCfg = Debug|Any CPU
		{7C14D89C-FE35-4EAC-901A-9CB091F151E7}.Debug|Any CPU.Build.0 = Debug|Any CPU
		{7C14D89C-FE35-4EAC-901A-9CB091F151E7}.Debug|x64.ActiveCfg = Debug|x64
		{7C14D89C-FE35-4EAC-901A-9CB091F151E7}.Debug|x64.Build.0 = Debug|x64
		{7C14D89C-FE35-4EAC-901A-9CB091F151E7}.Release|Any CPU.ActiveCfg = Release|Any CPU
		{7C14D89C-FE35-4EAC-901A-9CB091F151E7}.Release|Any CPU.Build.0 = Release|Any CPU
		{7C14D89C-FE35-4EAC-901A-9CB091F151E7}.Release|x64.ActiveCfg = Release|x64
		{7C14D89C-FE35-4EAC-901A-9CB091F151E7}.Release|x64.Build.0 = Release|x64
		{7C14D89C-FE35-4EAC-901A-9CB091F151E7}.Staging|Any CPU.ActiveCfg = Staging|Any CPU
		{7C14D89C-FE35-4EAC-901A-9CB091F151E7}.Staging|Any CPU.Build.0 = Staging|Any CPU
		{7C14D89C-FE35-4EAC-901A-9CB091F151E7}.Staging|x64.ActiveCfg = Staging|x64
		{7C14D89C-FE35-4EAC-901A-9CB091F151E7}.Staging|x64.Build.0 = Staging|x64
		{68F7558F-56E5-457F-9283-F6099A4B51DD}.Debug|Any CPU.ActiveCfg = Debug|Any CPU
		{68F7558F-56E5-457F-9283-F6099A4B51DD}.Debug|Any CPU.Build.0 = Debug|Any CPU
		{68F7558F-56E5-457F-9283-F6099A4B51DD}.Debug|x64.ActiveCfg = Debug|x64
		{68F7558F-56E5-457F-9283-F6099A4B51DD}.Debug|x64.Build.0 = Debug|x64
		{68F7558F-56E5-457F-9283-F6099A4B51DD}.Release|Any CPU.ActiveCfg = Release|Any CPU
		{68F7558F-56E5-457F-9283-F6099A4B51DD}.Release|Any CPU.Build.0 = Release|Any CPU
		{68F7558F-56E5-457F-9283-F6099A4B51DD}.Release|x64.ActiveCfg = Release|x64
		{68F7558F-56E5-457F-9283-F6099A4B51DD}.Release|x64.Build.0 = Release|x64
		{68F7558F-56E5-457F-9283-F6099A4B51DD}.Staging|Any CPU.ActiveCfg = Staging|Any CPU
		{68F7558F-56E5-457F-9283-F6099A4B51DD}.Staging|Any CPU.Build.0 = Staging|Any CPU
		{68F7558F-56E5-457F-9283-F6099A4B51DD}.Staging|x64.ActiveCfg = Staging|x64
		{68F7558F-56E5-457F-9283-F6099A4B51DD}.Staging|x64.Build.0 = Staging|x64
		{16DDF7C7-FF5D-4338-ADAF-B9FC9E775C19}.Debug|Any CPU.ActiveCfg = Debug|Any CPU
		{16DDF7C7-FF5D-4338-ADAF-B9FC9E775C19}.Debug|Any CPU.Build.0 = Debug|Any CPU
		{16DDF7C7-FF5D-4338-ADAF-B9FC9E775C19}.Debug|x64.ActiveCfg = Debug|x64
		{16DDF7C7-FF5D-4338-ADAF-B9FC9E775C19}.Debug|x64.Build.0 = Debug|x64
		{16DDF7C7-FF5D-4338-ADAF-B9FC9E775C19}.Release|Any CPU.ActiveCfg = Release|Any CPU
		{16DDF7C7-FF5D-4338-ADAF-B9FC9E775C19}.Release|Any CPU.Build.0 = Release|Any CPU
		{16DDF7C7-FF5D-4338-ADAF-B9FC9E775C19}.Release|x64.ActiveCfg = Release|x64
		{16DDF7C7-FF5D-4338-ADAF-B9FC9E775C19}.Release|x64.Build.0 = Release|x64
		{16DDF7C7-FF5D-4338-ADAF-B9FC9E775C19}.Staging|Any CPU.ActiveCfg = Staging|Any CPU
		{16DDF7C7-FF5D-4338-ADAF-B9FC9E775C19}.Staging|Any CPU.Build.0 = Staging|Any CPU
		{16DDF7C7-FF5D-4338-ADAF-B9FC9E775C19}.Staging|x64.ActiveCfg = Staging|x64
		{16DDF7C7-FF5D-4338-ADAF-B9FC9E775C19}.Staging|x64.Build.0 = Staging|x64
		{71576E14-B159-4C10-9ADA-F166A88A7BDB}.Debug|Any CPU.ActiveCfg = Debug|Any CPU
		{71576E14-B159-4C10-9ADA-F166A88A7BDB}.Debug|Any CPU.Build.0 = Debug|Any CPU
		{71576E14-B159-4C10-9ADA-F166A88A7BDB}.Debug|x64.ActiveCfg = Debug|x64
		{71576E14-B159-4C10-9ADA-F166A88A7BDB}.Debug|x64.Build.0 = Debug|x64
		{71576E14-B159-4C10-9ADA-F166A88A7BDB}.Release|Any CPU.ActiveCfg = Release|Any CPU
		{71576E14-B159-4C10-9ADA-F166A88A7BDB}.Release|Any CPU.Build.0 = Release|Any CPU
		{71576E14-B159-4C10-9ADA-F166A88A7BDB}.Release|x64.ActiveCfg = Release|x64
		{71576E14-B159-4C10-9ADA-F166A88A7BDB}.Release|x64.Build.0 = Release|x64
		{71576E14-B159-4C10-9ADA-F166A88A7BDB}.Staging|Any CPU.ActiveCfg = Staging|Any CPU
		{71576E14-B159-4C10-9ADA-F166A88A7BDB}.Staging|Any CPU.Build.0 = Staging|Any CPU
		{71576E14-B159-4C10-9ADA-F166A88A7BDB}.Staging|x64.ActiveCfg = Staging|x64
		{71576E14-B159-4C10-9ADA-F166A88A7BDB}.Staging|x64.Build.0 = Staging|x64
		{75BCBD91-F0A3-4F1A-B779-CD2D81A18E5F}.Debug|Any CPU.ActiveCfg = Debug|Any CPU
		{75BCBD91-F0A3-4F1A-B779-CD2D81A18E5F}.Debug|Any CPU.Build.0 = Debug|Any CPU
		{75BCBD91-F0A3-4F1A-B779-CD2D81A18E5F}.Debug|x64.ActiveCfg = Debug|x64
		{75BCBD91-F0A3-4F1A-B779-CD2D81A18E5F}.Debug|x64.Build.0 = Debug|x64
		{75BCBD91-F0A3-4F1A-B779-CD2D81A18E5F}.Release|Any CPU.ActiveCfg = Release|Any CPU
		{75BCBD91-F0A3-4F1A-B779-CD2D81A18E5F}.Release|Any CPU.Build.0 = Release|Any CPU
		{75BCBD91-F0A3-4F1A-B779-CD2D81A18E5F}.Release|x64.ActiveCfg = Release|x64
		{75BCBD91-F0A3-4F1A-B779-CD2D81A18E5F}.Release|x64.Build.0 = Release|x64
		{75BCBD91-F0A3-4F1A-B779-CD2D81A18E5F}.Staging|Any CPU.ActiveCfg = Staging|Any CPU
		{75BCBD91-F0A3-4F1A-B779-CD2D81A18E5F}.Staging|Any CPU.Build.0 = Staging|Any CPU
		{75BCBD91-F0A3-4F1A-B779-CD2D81A18E5F}.Staging|x64.ActiveCfg = Staging|x64
		{75BCBD91-F0A3-4F1A-B779-CD2D81A18E5F}.Staging|x64.Build.0 = Staging|x64
		{CE04AF86-4E86-4DB2-8010-A46F70A8267A}.Debug|Any CPU.ActiveCfg = Debug|Any CPU
		{CE04AF86-4E86-4DB2-8010-A46F70A8267A}.Debug|Any CPU.Build.0 = Debug|Any CPU
		{CE04AF86-4E86-4DB2-8010-A46F70A8267A}.Debug|x64.ActiveCfg = Debug|x64
		{CE04AF86-4E86-4DB2-8010-A46F70A8267A}.Debug|x64.Build.0 = Debug|x64
		{CE04AF86-4E86-4DB2-8010-A46F70A8267A}.Release|Any CPU.ActiveCfg = Release|Any CPU
		{CE04AF86-4E86-4DB2-8010-A46F70A8267A}.Release|Any CPU.Build.0 = Release|Any CPU
		{CE04AF86-4E86-4DB2-8010-A46F70A8267A}.Release|x64.ActiveCfg = Release|x64
		{CE04AF86-4E86-4DB2-8010-A46F70A8267A}.Release|x64.Build.0 = Release|x64
		{CE04AF86-4E86-4DB2-8010-A46F70A8267A}.Staging|Any CPU.ActiveCfg = Debug|Any CPU
		{CE04AF86-4E86-4DB2-8010-A46F70A8267A}.Staging|Any CPU.Build.0 = Debug|Any CPU
		{CE04AF86-4E86-4DB2-8010-A46F70A8267A}.Staging|x64.ActiveCfg = Debug|x64
		{CE04AF86-4E86-4DB2-8010-A46F70A8267A}.Staging|x64.Build.0 = Debug|x64
		{BAE3197C-B54C-4F3E-BEFE-B268DF2ECDB3}.Debug|Any CPU.ActiveCfg = Debug|Any CPU
		{BAE3197C-B54C-4F3E-BEFE-B268DF2ECDB3}.Debug|Any CPU.Build.0 = Debug|Any CPU
		{BAE3197C-B54C-4F3E-BEFE-B268DF2ECDB3}.Debug|x64.ActiveCfg = Debug|x64
		{BAE3197C-B54C-4F3E-BEFE-B268DF2ECDB3}.Debug|x64.Build.0 = Debug|x64
		{BAE3197C-B54C-4F3E-BEFE-B268DF2ECDB3}.Release|Any CPU.ActiveCfg = Release|Any CPU
		{BAE3197C-B54C-4F3E-BEFE-B268DF2ECDB3}.Release|Any CPU.Build.0 = Release|Any CPU
		{BAE3197C-B54C-4F3E-BEFE-B268DF2ECDB3}.Release|x64.ActiveCfg = Release|x64
		{BAE3197C-B54C-4F3E-BEFE-B268DF2ECDB3}.Release|x64.Build.0 = Release|x64
		{BAE3197C-B54C-4F3E-BEFE-B268DF2ECDB3}.Staging|Any CPU.ActiveCfg = Debug|Any CPU
		{BAE3197C-B54C-4F3E-BEFE-B268DF2ECDB3}.Staging|Any CPU.Build.0 = Debug|Any CPU
		{BAE3197C-B54C-4F3E-BEFE-B268DF2ECDB3}.Staging|x64.ActiveCfg = Debug|x64
		{BAE3197C-B54C-4F3E-BEFE-B268DF2ECDB3}.Staging|x64.Build.0 = Debug|x64
		{3AB3B23C-3F25-4AFF-9F44-9D7E0B03D286}.Debug|Any CPU.ActiveCfg = Debug|Any CPU
		{3AB3B23C-3F25-4AFF-9F44-9D7E0B03D286}.Debug|Any CPU.Build.0 = Debug|Any CPU
		{3AB3B23C-3F25-4AFF-9F44-9D7E0B03D286}.Debug|x64.ActiveCfg = Debug|x64
		{3AB3B23C-3F25-4AFF-9F44-9D7E0B03D286}.Debug|x64.Build.0 = Debug|x64
		{3AB3B23C-3F25-4AFF-9F44-9D7E0B03D286}.Release|Any CPU.ActiveCfg = Release|Any CPU
		{3AB3B23C-3F25-4AFF-9F44-9D7E0B03D286}.Release|Any CPU.Build.0 = Release|Any CPU
		{3AB3B23C-3F25-4AFF-9F44-9D7E0B03D286}.Release|x64.ActiveCfg = Release|x64
		{3AB3B23C-3F25-4AFF-9F44-9D7E0B03D286}.Release|x64.Build.0 = Release|x64
		{3AB3B23C-3F25-4AFF-9F44-9D7E0B03D286}.Staging|Any CPU.ActiveCfg = Debug|Any CPU
		{3AB3B23C-3F25-4AFF-9F44-9D7E0B03D286}.Staging|Any CPU.Build.0 = Debug|Any CPU
		{3AB3B23C-3F25-4AFF-9F44-9D7E0B03D286}.Staging|x64.ActiveCfg = Debug|x64
		{3AB3B23C-3F25-4AFF-9F44-9D7E0B03D286}.Staging|x64.Build.0 = Debug|x64
		{43C298B1-1BF5-4384-A424-00F48A099947}.Debug|Any CPU.ActiveCfg = Debug|Any CPU
		{43C298B1-1BF5-4384-A424-00F48A099947}.Debug|Any CPU.Build.0 = Debug|Any CPU
		{43C298B1-1BF5-4384-A424-00F48A099947}.Debug|x64.ActiveCfg = Debug|x64
		{43C298B1-1BF5-4384-A424-00F48A099947}.Debug|x64.Build.0 = Debug|x64
		{43C298B1-1BF5-4384-A424-00F48A099947}.Release|Any CPU.ActiveCfg = Release|Any CPU
		{43C298B1-1BF5-4384-A424-00F48A099947}.Release|Any CPU.Build.0 = Release|Any CPU
		{43C298B1-1BF5-4384-A424-00F48A099947}.Release|x64.ActiveCfg = Release|x64
		{43C298B1-1BF5-4384-A424-00F48A099947}.Release|x64.Build.0 = Release|x64
		{43C298B1-1BF5-4384-A424-00F48A099947}.Staging|Any CPU.ActiveCfg = Debug|Any CPU
		{43C298B1-1BF5-4384-A424-00F48A099947}.Staging|Any CPU.Build.0 = Debug|Any CPU
		{43C298B1-1BF5-4384-A424-00F48A099947}.Staging|x64.ActiveCfg = Debug|x64
		{43C298B1-1BF5-4384-A424-00F48A099947}.Staging|x64.Build.0 = Debug|x64
		{8F282306-BA3B-405F-B8B9-F7254B8E12C7}.Debug|Any CPU.ActiveCfg = Debug|Any CPU
		{8F282306-BA3B-405F-B8B9-F7254B8E12C7}.Debug|Any CPU.Build.0 = Debug|Any CPU
		{8F282306-BA3B-405F-B8B9-F7254B8E12C7}.Debug|x64.ActiveCfg = Debug|x64
		{8F282306-BA3B-405F-B8B9-F7254B8E12C7}.Debug|x64.Build.0 = Debug|x64
		{8F282306-BA3B-405F-B8B9-F7254B8E12C7}.Release|Any CPU.ActiveCfg = Release|Any CPU
		{8F282306-BA3B-405F-B8B9-F7254B8E12C7}.Release|Any CPU.Build.0 = Release|Any CPU
		{8F282306-BA3B-405F-B8B9-F7254B8E12C7}.Release|x64.ActiveCfg = Release|x64
		{8F282306-BA3B-405F-B8B9-F7254B8E12C7}.Release|x64.Build.0 = Release|x64
		{8F282306-BA3B-405F-B8B9-F7254B8E12C7}.Staging|Any CPU.ActiveCfg = Debug|Any CPU
		{8F282306-BA3B-405F-B8B9-F7254B8E12C7}.Staging|Any CPU.Build.0 = Debug|Any CPU
		{8F282306-BA3B-405F-B8B9-F7254B8E12C7}.Staging|x64.ActiveCfg = Debug|x64
		{8F282306-BA3B-405F-B8B9-F7254B8E12C7}.Staging|x64.Build.0 = Debug|x64
		{668564BC-83BE-4F2F-9D6F-D4BA7DEF78A1}.Debug|Any CPU.ActiveCfg = Debug|Any CPU
		{668564BC-83BE-4F2F-9D6F-D4BA7DEF78A1}.Debug|Any CPU.Build.0 = Debug|Any CPU
		{668564BC-83BE-4F2F-9D6F-D4BA7DEF78A1}.Debug|x64.ActiveCfg = Debug|x64
		{668564BC-83BE-4F2F-9D6F-D4BA7DEF78A1}.Debug|x64.Build.0 = Debug|x64
		{668564BC-83BE-4F2F-9D6F-D4BA7DEF78A1}.Release|Any CPU.ActiveCfg = Release|Any CPU
		{668564BC-83BE-4F2F-9D6F-D4BA7DEF78A1}.Release|Any CPU.Build.0 = Release|Any CPU
		{668564BC-83BE-4F2F-9D6F-D4BA7DEF78A1}.Release|x64.ActiveCfg = Release|x64
		{668564BC-83BE-4F2F-9D6F-D4BA7DEF78A1}.Release|x64.Build.0 = Release|x64
		{668564BC-83BE-4F2F-9D6F-D4BA7DEF78A1}.Staging|Any CPU.ActiveCfg = Debug|Any CPU
		{668564BC-83BE-4F2F-9D6F-D4BA7DEF78A1}.Staging|Any CPU.Build.0 = Debug|Any CPU
		{668564BC-83BE-4F2F-9D6F-D4BA7DEF78A1}.Staging|x64.ActiveCfg = Debug|x64
		{668564BC-83BE-4F2F-9D6F-D4BA7DEF78A1}.Staging|x64.Build.0 = Debug|x64
		{274BF313-05D3-4487-9BF8-07C412FD83C7}.Debug|Any CPU.ActiveCfg = Debug|Any CPU
		{274BF313-05D3-4487-9BF8-07C412FD83C7}.Debug|Any CPU.Build.0 = Debug|Any CPU
		{274BF313-05D3-4487-9BF8-07C412FD83C7}.Debug|x64.ActiveCfg = Debug|x64
		{274BF313-05D3-4487-9BF8-07C412FD83C7}.Debug|x64.Build.0 = Debug|x64
		{274BF313-05D3-4487-9BF8-07C412FD83C7}.Release|Any CPU.ActiveCfg = Release|Any CPU
		{274BF313-05D3-4487-9BF8-07C412FD83C7}.Release|Any CPU.Build.0 = Release|Any CPU
		{274BF313-05D3-4487-9BF8-07C412FD83C7}.Release|x64.ActiveCfg = Release|x64
		{274BF313-05D3-4487-9BF8-07C412FD83C7}.Release|x64.Build.0 = Release|x64
		{274BF313-05D3-4487-9BF8-07C412FD83C7}.Staging|Any CPU.ActiveCfg = Debug|Any CPU
		{274BF313-05D3-4487-9BF8-07C412FD83C7}.Staging|Any CPU.Build.0 = Debug|Any CPU
		{274BF313-05D3-4487-9BF8-07C412FD83C7}.Staging|x64.ActiveCfg = Debug|x64
		{274BF313-05D3-4487-9BF8-07C412FD83C7}.Staging|x64.Build.0 = Debug|x64
		{6537D5C6-4544-4A89-A052-8D29B69000C7}.Debug|Any CPU.ActiveCfg = Debug|Any CPU
		{6537D5C6-4544-4A89-A052-8D29B69000C7}.Debug|Any CPU.Build.0 = Debug|Any CPU
		{6537D5C6-4544-4A89-A052-8D29B69000C7}.Debug|x64.ActiveCfg = Debug|x64
		{6537D5C6-4544-4A89-A052-8D29B69000C7}.Debug|x64.Build.0 = Debug|x64
		{6537D5C6-4544-4A89-A052-8D29B69000C7}.Release|Any CPU.ActiveCfg = Release|Any CPU
		{6537D5C6-4544-4A89-A052-8D29B69000C7}.Release|Any CPU.Build.0 = Release|Any CPU
		{6537D5C6-4544-4A89-A052-8D29B69000C7}.Release|x64.ActiveCfg = Release|x64
		{6537D5C6-4544-4A89-A052-8D29B69000C7}.Release|x64.Build.0 = Release|x64
		{6537D5C6-4544-4A89-A052-8D29B69000C7}.Staging|Any CPU.ActiveCfg = Debug|Any CPU
		{6537D5C6-4544-4A89-A052-8D29B69000C7}.Staging|Any CPU.Build.0 = Debug|Any CPU
		{6537D5C6-4544-4A89-A052-8D29B69000C7}.Staging|x64.ActiveCfg = Debug|x64
		{6537D5C6-4544-4A89-A052-8D29B69000C7}.Staging|x64.Build.0 = Debug|x64
		{FF33F6DA-C0D6-4790-A77C-867DAC721FC7}.Debug|Any CPU.ActiveCfg = Debug|Any CPU
		{FF33F6DA-C0D6-4790-A77C-867DAC721FC7}.Debug|Any CPU.Build.0 = Debug|Any CPU
		{FF33F6DA-C0D6-4790-A77C-867DAC721FC7}.Debug|x64.ActiveCfg = Debug|x64
		{FF33F6DA-C0D6-4790-A77C-867DAC721FC7}.Debug|x64.Build.0 = Debug|x64
		{FF33F6DA-C0D6-4790-A77C-867DAC721FC7}.Release|Any CPU.ActiveCfg = Release|Any CPU
		{FF33F6DA-C0D6-4790-A77C-867DAC721FC7}.Release|Any CPU.Build.0 = Release|Any CPU
		{FF33F6DA-C0D6-4790-A77C-867DAC721FC7}.Release|x64.ActiveCfg = Release|x64
		{FF33F6DA-C0D6-4790-A77C-867DAC721FC7}.Release|x64.Build.0 = Release|x64
		{FF33F6DA-C0D6-4790-A77C-867DAC721FC7}.Staging|Any CPU.ActiveCfg = Debug|Any CPU
		{FF33F6DA-C0D6-4790-A77C-867DAC721FC7}.Staging|Any CPU.Build.0 = Debug|Any CPU
		{FF33F6DA-C0D6-4790-A77C-867DAC721FC7}.Staging|x64.ActiveCfg = Debug|x64
		{FF33F6DA-C0D6-4790-A77C-867DAC721FC7}.Staging|x64.Build.0 = Debug|x64
		{9A4EC8B2-45F1-464B-8B9E-319AFC91CA8E}.Debug|Any CPU.ActiveCfg = Debug|Any CPU
		{9A4EC8B2-45F1-464B-8B9E-319AFC91CA8E}.Debug|Any CPU.Build.0 = Debug|Any CPU
		{9A4EC8B2-45F1-464B-8B9E-319AFC91CA8E}.Debug|x64.ActiveCfg = Debug|x64
		{9A4EC8B2-45F1-464B-8B9E-319AFC91CA8E}.Debug|x64.Build.0 = Debug|x64
		{9A4EC8B2-45F1-464B-8B9E-319AFC91CA8E}.Release|Any CPU.ActiveCfg = Release|Any CPU
		{9A4EC8B2-45F1-464B-8B9E-319AFC91CA8E}.Release|Any CPU.Build.0 = Release|Any CPU
		{9A4EC8B2-45F1-464B-8B9E-319AFC91CA8E}.Release|x64.ActiveCfg = Release|x64
		{9A4EC8B2-45F1-464B-8B9E-319AFC91CA8E}.Release|x64.Build.0 = Release|x64
		{9A4EC8B2-45F1-464B-8B9E-319AFC91CA8E}.Staging|Any CPU.ActiveCfg = Debug|Any CPU
		{9A4EC8B2-45F1-464B-8B9E-319AFC91CA8E}.Staging|Any CPU.Build.0 = Debug|Any CPU
		{9A4EC8B2-45F1-464B-8B9E-319AFC91CA8E}.Staging|x64.ActiveCfg = Debug|x64
		{9A4EC8B2-45F1-464B-8B9E-319AFC91CA8E}.Staging|x64.Build.0 = Debug|x64
		{D6CAE998-1923-4E34-90FC-FDB5D44D2EC8}.Debug|Any CPU.ActiveCfg = Debug|Any CPU
		{D6CAE998-1923-4E34-90FC-FDB5D44D2EC8}.Debug|Any CPU.Build.0 = Debug|Any CPU
		{D6CAE998-1923-4E34-90FC-FDB5D44D2EC8}.Debug|x64.ActiveCfg = Debug|x64
		{D6CAE998-1923-4E34-90FC-FDB5D44D2EC8}.Debug|x64.Build.0 = Debug|x64
		{D6CAE998-1923-4E34-90FC-FDB5D44D2EC8}.Release|Any CPU.ActiveCfg = Release|Any CPU
		{D6CAE998-1923-4E34-90FC-FDB5D44D2EC8}.Release|Any CPU.Build.0 = Release|Any CPU
		{D6CAE998-1923-4E34-90FC-FDB5D44D2EC8}.Release|x64.ActiveCfg = Release|x64
		{D6CAE998-1923-4E34-90FC-FDB5D44D2EC8}.Release|x64.Build.0 = Release|x64
		{D6CAE998-1923-4E34-90FC-FDB5D44D2EC8}.Staging|Any CPU.ActiveCfg = Debug|Any CPU
		{D6CAE998-1923-4E34-90FC-FDB5D44D2EC8}.Staging|Any CPU.Build.0 = Debug|Any CPU
		{D6CAE998-1923-4E34-90FC-FDB5D44D2EC8}.Staging|x64.ActiveCfg = Debug|x64
		{D6CAE998-1923-4E34-90FC-FDB5D44D2EC8}.Staging|x64.Build.0 = Debug|x64
		{CB5BBB0A-237D-412B-AAE3-1226A9F0F931}.Debug|Any CPU.ActiveCfg = Debug|Any CPU
		{CB5BBB0A-237D-412B-AAE3-1226A9F0F931}.Debug|Any CPU.Build.0 = Debug|Any CPU
		{CB5BBB0A-237D-412B-AAE3-1226A9F0F931}.Debug|x64.ActiveCfg = Debug|Any CPU
		{CB5BBB0A-237D-412B-AAE3-1226A9F0F931}.Debug|x64.Build.0 = Debug|Any CPU
		{CB5BBB0A-237D-412B-AAE3-1226A9F0F931}.Release|Any CPU.ActiveCfg = Release|Any CPU
		{CB5BBB0A-237D-412B-AAE3-1226A9F0F931}.Release|Any CPU.Build.0 = Release|Any CPU
		{CB5BBB0A-237D-412B-AAE3-1226A9F0F931}.Release|x64.ActiveCfg = Release|Any CPU
		{CB5BBB0A-237D-412B-AAE3-1226A9F0F931}.Release|x64.Build.0 = Release|Any CPU
		{CB5BBB0A-237D-412B-AAE3-1226A9F0F931}.Staging|Any CPU.ActiveCfg = Debug|Any CPU
		{CB5BBB0A-237D-412B-AAE3-1226A9F0F931}.Staging|Any CPU.Build.0 = Debug|Any CPU
		{CB5BBB0A-237D-412B-AAE3-1226A9F0F931}.Staging|x64.ActiveCfg = Debug|Any CPU
		{CB5BBB0A-237D-412B-AAE3-1226A9F0F931}.Staging|x64.Build.0 = Debug|Any CPU
	EndGlobalSection
	GlobalSection(SolutionProperties) = preSolution
		HideSolutionNode = FALSE
	EndGlobalSection
	GlobalSection(NestedProjects) = preSolution
		{B0C857E2-7DCF-420A-B2A6-9E5FAB5BA12E} = {22B35305-947D-484D-BA2F-A29AB28B6E86}
		{32D92193-BB0B-4FF9-A874-0E50688B45D3} = {9DDB3A6B-7733-4BAF-B4D1-AD629B8AA54D}
		{96B06C95-AAFC-4EBB-8694-12A4EC782FD4} = {4C3E6A7D-3C59-444C-946B-1F8808BEE793}
		{7C14D89C-FE35-4EAC-901A-9CB091F151E7} = {9DDB3A6B-7733-4BAF-B4D1-AD629B8AA54D}
		{68F7558F-56E5-457F-9283-F6099A4B51DD} = {377DC9D3-CDEC-4847-B6E8-32473F433B23}
		{16DDF7C7-FF5D-4338-ADAF-B9FC9E775C19} = {377DC9D3-CDEC-4847-B6E8-32473F433B23}
		{71576E14-B159-4C10-9ADA-F166A88A7BDB} = {377DC9D3-CDEC-4847-B6E8-32473F433B23}
		{377DC9D3-CDEC-4847-B6E8-32473F433B23} = {4E45CE08-429F-43A2-852D-AC2C983DDB31}
		{22B35305-947D-484D-BA2F-A29AB28B6E86} = {377DC9D3-CDEC-4847-B6E8-32473F433B23}
		{5899B9DD-6666-41CB-95E1-F044927B44F5} = {377DC9D3-CDEC-4847-B6E8-32473F433B23}
		{75BCBD91-F0A3-4F1A-B779-CD2D81A18E5F} = {6E068FD2-D1F6-4065-BF97-3B6F8C33864F}
		{AE7FE352-BD69-4CE8-8726-68394C08C8B4} = {377DC9D3-CDEC-4847-B6E8-32473F433B23}
		{301ED48A-8CEB-47FC-B3CB-CC071DBF2F15} = {AE7FE352-BD69-4CE8-8726-68394C08C8B4}
		{203EA816-563C-45B7-93CD-619D48BBD129} = {AE7FE352-BD69-4CE8-8726-68394C08C8B4}
		{CE04AF86-4E86-4DB2-8010-A46F70A8267A} = {9DDB3A6B-7733-4BAF-B4D1-AD629B8AA54D}
		{BAE3197C-B54C-4F3E-BEFE-B268DF2ECDB3} = {5899B9DD-6666-41CB-95E1-F044927B44F5}
		{3AB3B23C-3F25-4AFF-9F44-9D7E0B03D286} = {9DDB3A6B-7733-4BAF-B4D1-AD629B8AA54D}
		{43C298B1-1BF5-4384-A424-00F48A099947} = {6E068FD2-D1F6-4065-BF97-3B6F8C33864F}
		{6E068FD2-D1F6-4065-BF97-3B6F8C33864F} = {4C3E6A7D-3C59-444C-946B-1F8808BEE793}
		{5107F5DA-DE1B-4DDA-9D30-02DBAD70036D} = {22B35305-947D-484D-BA2F-A29AB28B6E86}
		{8F282306-BA3B-405F-B8B9-F7254B8E12C7} = {5107F5DA-DE1B-4DDA-9D30-02DBAD70036D}
		{668564BC-83BE-4F2F-9D6F-D4BA7DEF78A1} = {377DC9D3-CDEC-4847-B6E8-32473F433B23}
		{274BF313-05D3-4487-9BF8-07C412FD83C7} = {5107F5DA-DE1B-4DDA-9D30-02DBAD70036D}
		{6537D5C6-4544-4A89-A052-8D29B69000C7} = {4478D85C-240E-4622-B390-06462EE5A687}
		{FF33F6DA-C0D6-4790-A77C-867DAC721FC7} = {22B35305-947D-484D-BA2F-A29AB28B6E86}
		{9A4EC8B2-45F1-464B-8B9E-319AFC91CA8E} = {4478D85C-240E-4622-B390-06462EE5A687}
		{D6CAE998-1923-4E34-90FC-FDB5D44D2EC8} = {9DDB3A6B-7733-4BAF-B4D1-AD629B8AA54D}
		{CB5BBB0A-237D-412B-AAE3-1226A9F0F931} = {22B35305-947D-484D-BA2F-A29AB28B6E86}
	EndGlobalSection
	GlobalSection(ExtensibilityGlobals) = postSolution
		SolutionGuid = {968433BF-DD00-4B16-A322-480760422806}
	EndGlobalSection
EndGlobal
