
Microsoft Visual Studio Solution File, Format Version 12.00
# Visual Studio Version 17
VisualStudioVersion = 17.1.32421.90
MinimumVisualStudioVersion = 10.0.40219.1
Project("{9A19103F-16F7-4668-BE54-9A1E7A4F7556}") = "ETHTPS.API", "ETHTPS.API\ETHTPS.API.csproj", "{B0C857E2-7DCF-420A-B2A6-9E5FAB5BA12E}"
EndProject
Project("{9A19103F-16F7-4668-BE54-9A1E7A4F7556}") = "ETHTPS.Services", "ETHTPS.BackgroundServices\ETHTPS.Services.csproj", "{32D92193-BB0B-4FF9-A874-0E50688B45D3}"
EndProject
Project("{9A19103F-16F7-4668-BE54-9A1E7A4F7556}") = "ETHTPS.Data.Core", "ETHTPS.Data\ETHTPS.Data.Core.csproj", "{96B06C95-AAFC-4EBB-8694-12A4EC782FD4}"
EndProject
Project("{9A19103F-16F7-4668-BE54-9A1E7A4F7556}") = "ETHTPS.API.Tests", "ETHTPS.API.Tests\ETHTPS.API.Tests.csproj", "{EE38C7CF-C033-4B04-9054-72F05229AF81}"
EndProject
Project("{2150E333-8FDC-42A3-9474-1A3956D46DE8}") = "Solution Items", "Solution Items", "{6FC336E8-1CA6-4FFD-A769-9C4A9968A323}"
	ProjectSection(SolutionItems) = preProject
		.editorconfig = .editorconfig
	EndProjectSection
EndProject
Project("{2150E333-8FDC-42A3-9474-1A3956D46DE8}") = "Services", "Services", "{9DDB3A6B-7733-4BAF-B4D1-AD629B8AA54D}"
EndProject
Project("{9A19103F-16F7-4668-BE54-9A1E7A4F7556}") = "ETHTPS.Services.Ethereum", "ETHTPS.Services.Ethereum\ETHTPS.Services.Ethereum.csproj", "{7C14D89C-FE35-4EAC-901A-9CB091F151E7}"
EndProject
Project("{9A19103F-16F7-4668-BE54-9A1E7A4F7556}") = "ETHTPS.WSAPI", "ETHTPS.WSAPI\ETHTPS.WSAPI.csproj", "{CDA9F167-C20B-4CFB-A9B1-B20639AA0D63}"
EndProject
Project("{9A19103F-16F7-4668-BE54-9A1E7A4F7556}") = "ETHTPS.API.Security", "ETHTPS.Security\ETHTPS.API.Security.csproj", "{68F7558F-56E5-457F-9283-F6099A4B51DD}"
EndProject
Project("{9A19103F-16F7-4668-BE54-9A1E7A4F7556}") = "ETHTPS..API.DependencyInjection", "ETHTPS.DependencyInjection\ETHTPS..API.DependencyInjection.csproj", "{16DDF7C7-FF5D-4338-ADAF-B9FC9E775C19}"
EndProject
Project("{9A19103F-16F7-4668-BE54-9A1E7A4F7556}") = "ETHTPS.API.Core", "ETHTPS.API.Core\ETHTPS.API.Core.csproj", "{71576E14-B159-4C10-9ADA-F166A88A7BDB}"
EndProject
Project("{2150E333-8FDC-42A3-9474-1A3956D46DE8}") = "Microservices", "Microservices", "{4E45CE08-429F-43A2-852D-AC2C983DDB31}"
EndProject
Project("{2150E333-8FDC-42A3-9474-1A3956D46DE8}") = "APIs", "APIs", "{377DC9D3-CDEC-4847-B6E8-32473F433B23}"
EndProject
Project("{2150E333-8FDC-42A3-9474-1A3956D46DE8}") = "Public", "Public", "{22B35305-947D-484D-BA2F-A29AB28B6E86}"
EndProject
Project("{2150E333-8FDC-42A3-9474-1A3956D46DE8}") = "Internal", "Internal", "{5899B9DD-6666-41CB-95E1-F044927B44F5}"
EndProject
Project("{2150E333-8FDC-42A3-9474-1A3956D46DE8}") = "Data", "Data", "{4C3E6A7D-3C59-444C-946B-1F8808BEE793}"
EndProject
Project("{FAE04EC0-301F-11D3-BF4B-00C04F79EFBC}") = "ETHTPS.Data.Database", "ETHTPS.Data.Database\ETHTPS.Data.Database.csproj", "{75BCBD91-F0A3-4F1A-B779-CD2D81A18E5F}"
EndProject
Project("{FAE04EC0-301F-11D3-BF4B-00C04F79EFBC}") = "ETHTPS.Data.Models", "ETHTPS.Data.Models\ETHTPS.Data.Models.csproj", "{F30E2B4A-74C1-47D8-B69A-87ADEE77AF48}"
EndProject
Global
	GlobalSection(SolutionConfigurationPlatforms) = preSolution
		Debug|Any CPU = Debug|Any CPU
		Release|Any CPU = Release|Any CPU
	EndGlobalSection
	GlobalSection(ProjectConfigurationPlatforms) = postSolution
		{B0C857E2-7DCF-420A-B2A6-9E5FAB5BA12E}.Debug|Any CPU.ActiveCfg = Debug|Any CPU
		{B0C857E2-7DCF-420A-B2A6-9E5FAB5BA12E}.Debug|Any CPU.Build.0 = Debug|Any CPU
		{B0C857E2-7DCF-420A-B2A6-9E5FAB5BA12E}.Release|Any CPU.ActiveCfg = Release|Any CPU
		{B0C857E2-7DCF-420A-B2A6-9E5FAB5BA12E}.Release|Any CPU.Build.0 = Release|Any CPU
		{32D92193-BB0B-4FF9-A874-0E50688B45D3}.Debug|Any CPU.ActiveCfg = Debug|Any CPU
		{32D92193-BB0B-4FF9-A874-0E50688B45D3}.Debug|Any CPU.Build.0 = Debug|Any CPU
		{32D92193-BB0B-4FF9-A874-0E50688B45D3}.Release|Any CPU.ActiveCfg = Release|Any CPU
		{32D92193-BB0B-4FF9-A874-0E50688B45D3}.Release|Any CPU.Build.0 = Release|Any CPU
		{96B06C95-AAFC-4EBB-8694-12A4EC782FD4}.Debug|Any CPU.ActiveCfg = Debug|Any CPU
		{96B06C95-AAFC-4EBB-8694-12A4EC782FD4}.Debug|Any CPU.Build.0 = Debug|Any CPU
		{96B06C95-AAFC-4EBB-8694-12A4EC782FD4}.Release|Any CPU.ActiveCfg = Release|Any CPU
		{96B06C95-AAFC-4EBB-8694-12A4EC782FD4}.Release|Any CPU.Build.0 = Release|Any CPU
		{EE38C7CF-C033-4B04-9054-72F05229AF81}.Debug|Any CPU.ActiveCfg = Debug|Any CPU
		{EE38C7CF-C033-4B04-9054-72F05229AF81}.Debug|Any CPU.Build.0 = Debug|Any CPU
		{EE38C7CF-C033-4B04-9054-72F05229AF81}.Release|Any CPU.ActiveCfg = Release|Any CPU
		{EE38C7CF-C033-4B04-9054-72F05229AF81}.Release|Any CPU.Build.0 = Release|Any CPU
		{7C14D89C-FE35-4EAC-901A-9CB091F151E7}.Debug|Any CPU.ActiveCfg = Debug|Any CPU
		{7C14D89C-FE35-4EAC-901A-9CB091F151E7}.Debug|Any CPU.Build.0 = Debug|Any CPU
		{7C14D89C-FE35-4EAC-901A-9CB091F151E7}.Release|Any CPU.ActiveCfg = Release|Any CPU
		{7C14D89C-FE35-4EAC-901A-9CB091F151E7}.Release|Any CPU.Build.0 = Release|Any CPU
		{CDA9F167-C20B-4CFB-A9B1-B20639AA0D63}.Debug|Any CPU.ActiveCfg = Debug|Any CPU
		{CDA9F167-C20B-4CFB-A9B1-B20639AA0D63}.Debug|Any CPU.Build.0 = Debug|Any CPU
		{CDA9F167-C20B-4CFB-A9B1-B20639AA0D63}.Release|Any CPU.ActiveCfg = Release|Any CPU
		{CDA9F167-C20B-4CFB-A9B1-B20639AA0D63}.Release|Any CPU.Build.0 = Release|Any CPU
		{68F7558F-56E5-457F-9283-F6099A4B51DD}.Debug|Any CPU.ActiveCfg = Debug|Any CPU
		{68F7558F-56E5-457F-9283-F6099A4B51DD}.Debug|Any CPU.Build.0 = Debug|Any CPU
		{68F7558F-56E5-457F-9283-F6099A4B51DD}.Release|Any CPU.ActiveCfg = Release|Any CPU
		{68F7558F-56E5-457F-9283-F6099A4B51DD}.Release|Any CPU.Build.0 = Release|Any CPU
		{16DDF7C7-FF5D-4338-ADAF-B9FC9E775C19}.Debug|Any CPU.ActiveCfg = Debug|Any CPU
		{16DDF7C7-FF5D-4338-ADAF-B9FC9E775C19}.Debug|Any CPU.Build.0 = Debug|Any CPU
		{16DDF7C7-FF5D-4338-ADAF-B9FC9E775C19}.Release|Any CPU.ActiveCfg = Release|Any CPU
		{16DDF7C7-FF5D-4338-ADAF-B9FC9E775C19}.Release|Any CPU.Build.0 = Release|Any CPU
		{71576E14-B159-4C10-9ADA-F166A88A7BDB}.Debug|Any CPU.ActiveCfg = Debug|Any CPU
		{71576E14-B159-4C10-9ADA-F166A88A7BDB}.Debug|Any CPU.Build.0 = Debug|Any CPU
		{71576E14-B159-4C10-9ADA-F166A88A7BDB}.Release|Any CPU.ActiveCfg = Release|Any CPU
		{71576E14-B159-4C10-9ADA-F166A88A7BDB}.Release|Any CPU.Build.0 = Release|Any CPU
		{75BCBD91-F0A3-4F1A-B779-CD2D81A18E5F}.Debug|Any CPU.ActiveCfg = Debug|Any CPU
		{75BCBD91-F0A3-4F1A-B779-CD2D81A18E5F}.Debug|Any CPU.Build.0 = Debug|Any CPU
		{75BCBD91-F0A3-4F1A-B779-CD2D81A18E5F}.Release|Any CPU.ActiveCfg = Release|Any CPU
		{75BCBD91-F0A3-4F1A-B779-CD2D81A18E5F}.Release|Any CPU.Build.0 = Release|Any CPU
		{F30E2B4A-74C1-47D8-B69A-87ADEE77AF48}.Debug|Any CPU.ActiveCfg = Debug|Any CPU
		{F30E2B4A-74C1-47D8-B69A-87ADEE77AF48}.Debug|Any CPU.Build.0 = Debug|Any CPU
		{F30E2B4A-74C1-47D8-B69A-87ADEE77AF48}.Release|Any CPU.ActiveCfg = Release|Any CPU
		{F30E2B4A-74C1-47D8-B69A-87ADEE77AF48}.Release|Any CPU.Build.0 = Release|Any CPU
	EndGlobalSection
	GlobalSection(SolutionProperties) = preSolution
		HideSolutionNode = FALSE
	EndGlobalSection
	GlobalSection(NestedProjects) = preSolution
		{B0C857E2-7DCF-420A-B2A6-9E5FAB5BA12E} = {22B35305-947D-484D-BA2F-A29AB28B6E86}
		{32D92193-BB0B-4FF9-A874-0E50688B45D3} = {9DDB3A6B-7733-4BAF-B4D1-AD629B8AA54D}
		{96B06C95-AAFC-4EBB-8694-12A4EC782FD4} = {4C3E6A7D-3C59-444C-946B-1F8808BEE793}
		{EE38C7CF-C033-4B04-9054-72F05229AF81} = {22B35305-947D-484D-BA2F-A29AB28B6E86}
		{7C14D89C-FE35-4EAC-901A-9CB091F151E7} = {9DDB3A6B-7733-4BAF-B4D1-AD629B8AA54D}
		{CDA9F167-C20B-4CFB-A9B1-B20639AA0D63} = {22B35305-947D-484D-BA2F-A29AB28B6E86}
		{68F7558F-56E5-457F-9283-F6099A4B51DD} = {377DC9D3-CDEC-4847-B6E8-32473F433B23}
		{16DDF7C7-FF5D-4338-ADAF-B9FC9E775C19} = {377DC9D3-CDEC-4847-B6E8-32473F433B23}
		{71576E14-B159-4C10-9ADA-F166A88A7BDB} = {377DC9D3-CDEC-4847-B6E8-32473F433B23}
		{377DC9D3-CDEC-4847-B6E8-32473F433B23} = {4E45CE08-429F-43A2-852D-AC2C983DDB31}
		{22B35305-947D-484D-BA2F-A29AB28B6E86} = {377DC9D3-CDEC-4847-B6E8-32473F433B23}
		{5899B9DD-6666-41CB-95E1-F044927B44F5} = {377DC9D3-CDEC-4847-B6E8-32473F433B23}
		{75BCBD91-F0A3-4F1A-B779-CD2D81A18E5F} = {4C3E6A7D-3C59-444C-946B-1F8808BEE793}
		{F30E2B4A-74C1-47D8-B69A-87ADEE77AF48} = {4C3E6A7D-3C59-444C-946B-1F8808BEE793}
	EndGlobalSection
	GlobalSection(ExtensibilityGlobals) = postSolution
		SolutionGuid = {968433BF-DD00-4B16-A322-480760422806}
	EndGlobalSection
EndGlobal
