
Microsoft Visual Studio Solution File, Format Version 12.00
# Visual Studio Version 17
VisualStudioVersion = 17.1.32421.90
MinimumVisualStudioVersion = 10.0.40219.1
Project("{9A19103F-16F7-4668-BE54-9A1E7A4F7556}") = "ETHTPS.API", "ETHTPS.API\ETHTPS.API.csproj", "{B0C857E2-7DCF-420A-B2A6-9E5FAB5BA12E}"
EndProject
Project("{9A19103F-16F7-4668-BE54-9A1E7A4F7556}") = "ETHTPS.Services", "ETHTPS.BackgroundServices\ETHTPS.Services.csproj", "{32D92193-BB0B-4FF9-A874-0E50688B45D3}"
EndProject
Project("{9A19103F-16F7-4668-BE54-9A1E7A4F7556}") = "ETHTPS.Data", "ETHTPS.Data\ETHTPS.Data.csproj", "{96B06C95-AAFC-4EBB-8694-12A4EC782FD4}"
EndProject
Project("{9A19103F-16F7-4668-BE54-9A1E7A4F7556}") = "ETHTPS.API.Tests", "ETHTPS.API.Tests\ETHTPS.API.Tests.csproj", "{EE38C7CF-C033-4B04-9054-72F05229AF81}"
EndProject
Project("{2150E333-8FDC-42A3-9474-1A3956D46DE8}") = "Solution Items", "Solution Items", "{6FC336E8-1CA6-4FFD-A769-9C4A9968A323}"
	ProjectSection(SolutionItems) = preProject
		.editorconfig = .editorconfig
	EndProjectSection
EndProject
Project("{2150E333-8FDC-42A3-9474-1A3956D46DE8}") = "Services", "Services", "{9DDB3A6B-7733-4BAF-B4D1-AD629B8AA54D}"
EndProject
Project("{FAE04EC0-301F-11D3-BF4B-00C04F79EFBC}") = "ETHTPS.Services.Ethereum", "ETHTPS.Services.Ethereum\ETHTPS.Services.Ethereum.csproj", "{7C14D89C-FE35-4EAC-901A-9CB091F151E7}"
EndProject
Global
	GlobalSection(SolutionConfigurationPlatforms) = preSolution
		Debug|Any CPU = Debug|Any CPU
		Release|Any CPU = Release|Any CPU
	EndGlobalSection
	GlobalSection(ProjectConfigurationPlatforms) = postSolution
		{B0C857E2-7DCF-420A-B2A6-9E5FAB5BA12E}.Debug|Any CPU.ActiveCfg = Debug|Any CPU
		{B0C857E2-7DCF-420A-B2A6-9E5FAB5BA12E}.Debug|Any CPU.Build.0 = Debug|Any CPU
		{B0C857E2-7DCF-420A-B2A6-9E5FAB5BA12E}.Release|Any CPU.ActiveCfg = Release|Any CPU
		{B0C857E2-7DCF-420A-B2A6-9E5FAB5BA12E}.Release|Any CPU.Build.0 = Release|Any CPU
		{32D92193-BB0B-4FF9-A874-0E50688B45D3}.Debug|Any CPU.ActiveCfg = Debug|Any CPU
		{32D92193-BB0B-4FF9-A874-0E50688B45D3}.Debug|Any CPU.Build.0 = Debug|Any CPU
		{32D92193-BB0B-4FF9-A874-0E50688B45D3}.Release|Any CPU.ActiveCfg = Release|Any CPU
		{32D92193-BB0B-4FF9-A874-0E50688B45D3}.Release|Any CPU.Build.0 = Release|Any CPU
		{96B06C95-AAFC-4EBB-8694-12A4EC782FD4}.Debug|Any CPU.ActiveCfg = Debug|Any CPU
		{96B06C95-AAFC-4EBB-8694-12A4EC782FD4}.Debug|Any CPU.Build.0 = Debug|Any CPU
		{96B06C95-AAFC-4EBB-8694-12A4EC782FD4}.Release|Any CPU.ActiveCfg = Release|Any CPU
		{96B06C95-AAFC-4EBB-8694-12A4EC782FD4}.Release|Any CPU.Build.0 = Release|Any CPU
		{EE38C7CF-C033-4B04-9054-72F05229AF81}.Debug|Any CPU.ActiveCfg = Debug|Any CPU
		{EE38C7CF-C033-4B04-9054-72F05229AF81}.Debug|Any CPU.Build.0 = Debug|Any CPU
		{EE38C7CF-C033-4B04-9054-72F05229AF81}.Release|Any CPU.ActiveCfg = Release|Any CPU
		{EE38C7CF-C033-4B04-9054-72F05229AF81}.Release|Any CPU.Build.0 = Release|Any CPU
		{7C14D89C-FE35-4EAC-901A-9CB091F151E7}.Debug|Any CPU.ActiveCfg = Debug|Any CPU
		{7C14D89C-FE35-4EAC-901A-9CB091F151E7}.Debug|Any CPU.Build.0 = Debug|Any CPU
		{7C14D89C-FE35-4EAC-901A-9CB091F151E7}.Release|Any CPU.ActiveCfg = Release|Any CPU
		{7C14D89C-FE35-4EAC-901A-9CB091F151E7}.Release|Any CPU.Build.0 = Release|Any CPU
	EndGlobalSection
	GlobalSection(SolutionProperties) = preSolution
		HideSolutionNode = FALSE
	EndGlobalSection
	GlobalSection(NestedProjects) = preSolution
		{32D92193-BB0B-4FF9-A874-0E50688B45D3} = {9DDB3A6B-7733-4BAF-B4D1-AD629B8AA54D}
		{7C14D89C-FE35-4EAC-901A-9CB091F151E7} = {9DDB3A6B-7733-4BAF-B4D1-AD629B8AA54D}
	EndGlobalSection
	GlobalSection(ExtensibilityGlobals) = postSolution
		SolutionGuid = {968433BF-DD00-4B16-A322-480760422806}
	EndGlobalSection
EndGlobal
